SITE
  remote: http://community.opscode.com/api/v1
  specs:
    dmg (2.0.4)
    homebrew (1.5.4)

GIT
  remote: https://github.com/pivotal-sprout/sprout-osx-rubymine
  ref: master
  sha: 483e49c5b1247970282938e8dafe3b13eb09e202
  specs:
    sprout-osx-rubymine (0.1.0)
      homebrew (>= 0.0.0)
      sprout-osx-apps (>= 0.0.0)
      sprout-osx-base (>= 0.0.0)

GIT
  remote: https://github.com/pivotal-sprout/sprout-postgresql
  ref: master
  sha: 7fd574a7630d5fe601e8d3e4d4bc9f4dc34da934
  specs:
    sprout-postgresql (0.1.0)
      homebrew (>= 0.0.0)

PATH
  remote: ./osx
  specs:
    osx (0.1.0)

PATH
  remote: ./pivotal_workstation
  specs:
    pivotal_workstation (1.0.0)
      dmg (>= 0.0.0)
      homebrew (>= 0.0.0)
      osx (>= 0.0.0)
      sprout-osx-apps (>= 0.0.0)
      sprout-osx-base (>= 0.0.0)
      sprout-osx-settings (>= 0.0.0)
      sprout-pivotal (>= 0.0.0)

PATH
  remote: ./sprout-osx-apps
  specs:
    sprout-osx-apps (0.1.0)
      dmg (>= 0.0.0)
      homebrew (>= 0.0.0)
      sprout-osx-base (>= 0.0.0)
      sprout-osx-settings (>= 0.0.0)

PATH
  remote: ./sprout-osx-base
  specs:
    sprout-osx-base (0.1.0)

PATH
  remote: ./sprout-osx-git
  specs:
    sprout-osx-git (0.1.0)
      homebrew (>= 0.0.0)
      sprout-osx-base (>= 0.0.0)

PATH
  remote: ./sprout-osx-rbenv
  specs:
    sprout-osx-rbenv (0.1.0)
      homebrew (>= 0.0.0)
      sprout-osx-base (>= 0.0.0)

PATH
  remote: ./sprout-osx-settings
  specs:
    sprout-osx-settings (0.1.0)
      homebrew (>= 0.0.0)
      osx (>= 0.0.0)
      sprout-osx-base (>= 0.0.0)

PATH
  remote: ./sprout-pivotal
  specs:
    sprout-pivotal (0.1.0)
      dmg (>= 0.0.0)
      homebrew (>= 0.0.0)
      sprout-osx-base (>= 0.0.0)

DEPENDENCIES
  dmg (= 2.0.4)
  homebrew (>= 0)
  osx (>= 0)
  pivotal_workstation (>= 0)
  sprout-osx-apps (>= 0)
  sprout-osx-base (>= 0)
  sprout-osx-git (>= 0)
  sprout-osx-rbenv (>= 0)
  sprout-osx-rubymine (>= 0)
  sprout-osx-settings (>= 0)
  sprout-pivotal (>= 0)
  sprout-postgresql (>= 0)

