SITE
  remote: http://community.opscode.com/api/v1
  specs:
    dmg (2.0.4)
    homebrew (1.5.4)

GIT
  remote: https://github.com/pivotal-sprout/sprout-base
  ref: master
  sha: 75a80d6e087698047a6a159de528e3e148b055f7
  specs:
    sprout-base (0.1.0)

GIT
  remote: https://github.com/pivotal-sprout/sprout-osx-settings
  ref: master
  sha: cda4f30c9f0c463d94bac17b84e76e1a527999de
  specs:
    sprout-osx-settings (0.1.0)
      homebrew (>= 0.0.0)
      osx (>= 0.0.0)
      sprout-base (>= 0.0.0)

GIT
  remote: https://github.com/pivotal-sprout/sprout-postgresql
  ref: master
  sha: 9abc130c573fd41bb51ec7959fc89678b2c8da46
  specs:
    sprout-postgresql (0.1.0)
      homebrew (~> 1.5.4)
      sprout-base (>= 0.0.0)

PATH
  remote: ./osx
  specs:
    osx (0.1.0)

PATH
  remote: ./pivotal_workstation
  specs:
    pivotal_workstation (1.0.0)
      dmg (>= 0.0.0)
      homebrew (>= 0.0.0)
      osx (>= 0.0.0)
      sprout-base (>= 0.0.0)
      sprout-osx-apps (>= 0.0.0)
      sprout-osx-settings (>= 0.0.0)
      sprout-pivotal (>= 0.0.0)
      sprout-postgresql (>= 0.0.0)

PATH
  remote: ./sprout-osx-apps
  specs:
    sprout-osx-apps (0.1.0)
      dmg (>= 0.0.0)
      homebrew (>= 0.0.0)
      sprout-base (>= 0.0.0)
      sprout-osx-settings (>= 0.0.0)

PATH
  remote: ./sprout-pivotal
  specs:
    sprout-pivotal (0.1.0)
      dmg (>= 0.0.0)
      homebrew (>= 0.0.0)
      sprout-base (>= 0.0.0)

DEPENDENCIES
  dmg (= 2.0.4)
  homebrew (>= 0)
  osx (>= 0)
  pivotal_workstation (>= 0)
  sprout-base (>= 0)
  sprout-osx-apps (>= 0)
  sprout-osx-settings (>= 0)
  sprout-pivotal (>= 0)
  sprout-postgresql (>= 0)

